PODS:
  - Flutter (1.0.0)
  - imei (0.0.1):
    - Flutter
  - permission_handler_apple (9.3.0):
    - Flutter

DEPENDENCIES:
  - Flutter (from `Flutter`)
  - imei (from `.symlinks/plugins/imei/ios`)
  - permission_handler_apple (from `.symlinks/plugins/permission_handler_apple/ios`)

EXTERNAL SOURCES:
  Flutter:
    :path: Flutter
  imei:
    :path: ".symlinks/plugins/imei/ios"
  permission_handler_apple:
    :path: ".symlinks/plugins/permission_handler_apple/ios"

SPEC CHECKSUMS:
  Flutter: cabc95a1d2626b1b06e7179b784ebcf0c0cde467
  imei: c18e888a888996c53dfc47757d9c546ae69926a2
  permission_handler_apple: 4ed2196e43d0651e8ff7ca3483a069d469701f2d

PODFILE CHECKSUM: f3734cf2c64ab93db34ebd0461528389a119c1e8

COCOAPODS: 1.16.2
